
Microsoft Visual Studio Solution File, Format Version 12.00
# Visual Studio Version 17
VisualStudioVersion = 17.2.32630.192
MinimumVisualStudioVersion = 10.0.40219.1
Project("{8BC9CEB8-8B4A-11D0-8D11-00A0C91BC942}") = "MyGame", "MyGame/MyGame.vcxproj", "{052136CD-2524-4131-9024-1044C6722D26}"
EndProject
Global
	GlobalSection(SolutionConfigurationPlatforms) = preSolution
		Debug|x64 = Debug|x64
		Release|x64 = Release|x64
	EndGlobalSection
	GlobalSection(ProjectConfigurationPlatforms) = postSolution
		{052136CD-2524-4131-9024-1044C6722D26}.Debug|x64.ActiveCfg = Debug|x64
		{052136CD-2524-4131-9024-1044C6722D26}.Debug|x64.Build.0 = Debug|x64
		{052136CD-2524-4131-9024-1044C6722D26}.Release|x64.ActiveCfg = Release|x64
		{052136CD-2524-4131-9024-1044C6722D26}.Release|x64.Build.0 = Release|x64
	EndGlobalSection
	GlobalSection(SolutionProperties) = preSolution
		HideSolutionNode = FALSE
	EndGlobalSection
	GlobalSection(ExtensibilityGlobals) = postSolution
		SolutionGuid = {7C009489-E170-49B5-9D02-5B43EC28DF1E}
	EndGlobalSection
EndGlobal
