<?xml version="1.0" encoding="utf-8"?>
<Project ToolsVersion="4.0" xmlns="http://schemas.microsoft.com/developer/msbuild/2003">
  <ItemGroup>
    <Filter Include="Core">
      <UniqueIdentifier>{2EB4837C-1AEB-840D-C3D7-6A10AFED000F}</UniqueIdentifier>
    </Filter>
    <Filter Include="Debugs">
      <UniqueIdentifier>{FF36D9AD-EBD8-0384-D493-17D8C0D48AD4}</UniqueIdentifier>
    </Filter>
    <Filter Include="DirectX">
      <UniqueIdentifier>{D86A6D73-444A-EC0E-4D62-77E5B9C05270}</UniqueIdentifier>
    </Filter>
    <Filter Include="Events">
      <UniqueIdentifier>{3A8963B1-262B-8E87-0FE6-A1DBFB2615D8}</UniqueIdentifier>
    </Filter>
    <Filter Include="Events\EventCodes">
      <UniqueIdentifier>{990BEA22-0522-E8B8-4E99-73DABAEEB840}</UniqueIdentifier>
    </Filter>
    <Filter Include="Layers">
      <UniqueIdentifier>{157446C0-0116-7196-EAD0-84EAD611F8E6}</UniqueIdentifier>
    </Filter>
    <Filter Include="Layers\ImGui">
      <UniqueIdentifier>{FFE4DC83-EB47-6C28-94CD-A4DE800F38AB}</UniqueIdentifier>
    </Filter>
    <Filter Include="Layers\SceneHierarchy">
      <UniqueIdentifier>{B1348362-1DA1-3E5D-E694-D6BA52C060C5}</UniqueIdentifier>
    </Filter>
    <Filter Include="Layers\Triangle">
      <UniqueIdentifier>{BA8B8FB9-2617-FD7D-2F28-80729B32597E}</UniqueIdentifier>
    </Filter>
    <Filter Include="Renderer">
      <UniqueIdentifier>{7CCE658F-689B-C09A-91B4-AE427DE0F528}</UniqueIdentifier>
    </Filter>
    <Filter Include="Scene">
      <UniqueIdentifier>{B3F7140E-1F0C-3DBF-E88D-E01E546139F0}</UniqueIdentifier>
    </Filter>
    <Filter Include="Utilities">
      <UniqueIdentifier>{010A8043-6D74-34BA-B6B2-E55F225C120F}</UniqueIdentifier>
    </Filter>
  </ItemGroup>
  <ItemGroup>
    <ClInclude Include="Source\CommonHeaders.h" />
    <ClInclude Include="Source\Core\Application.h">
      <Filter>Core</Filter>
    </ClInclude>
    <ClInclude Include="Source\Core\Base.h">
      <Filter>Core</Filter>
    </ClInclude>
    <ClInclude Include="Source\Core\Input.h">
      <Filter>Core</Filter>
    </ClInclude>
    <ClInclude Include="Source\Core\Layer.h">
      <Filter>Core</Filter>
    </ClInclude>
    <ClInclude Include="Source\Core\LayerStack.h">
      <Filter>Core</Filter>
    </ClInclude>
    <ClInclude Include="Source\Core\Log.h">
      <Filter>Core</Filter>
    </ClInclude>
    <ClInclude Include="Source\Core\Timer.h">
      <Filter>Core</Filter>
    </ClInclude>
    <ClInclude Include="Source\Core\Window.h">
      <Filter>Core</Filter>
    </ClInclude>
    <ClInclude Include="Source\Debugs\DebugHelpers.h">
      <Filter>Debugs</Filter>
    </ClInclude>
    <ClInclude Include="Source\Debugs\Instrumentor.h">
      <Filter>Debugs</Filter>
    </ClInclude>
    <ClInclude Include="Source\DirectX\BufferHelper.h">
      <Filter>DirectX</Filter>
    </ClInclude>
    <ClInclude Include="Source\DirectX\CommandContext.h">
      <Filter>DirectX</Filter>
    </ClInclude>
    <ClInclude Include="Source\DirectX\CommandHelper.h">
      <Filter>DirectX</Filter>
    </ClInclude>
    <ClInclude Include="Source\DirectX\CommonIncludes.h">
      <Filter>DirectX</Filter>
    </ClInclude>
    <ClInclude Include="Source\DirectX\DescriptorHeap.h">
      <Filter>DirectX</Filter>
    </ClInclude>
    <ClInclude Include="Source\DirectX\DirectXHelpers.h">
      <Filter>DirectX</Filter>
    </ClInclude>
    <ClInclude Include="Source\DirectX\DirectXImpl.h">
      <Filter>DirectX</Filter>
    </ClInclude>
    <ClInclude Include="Source\DirectX\GpuBuffer.h">
      <Filter>DirectX</Filter>
    </ClInclude>
    <ClInclude Include="Source\DirectX\LinearAllocator.h">
      <Filter>DirectX</Filter>
    </ClInclude>
    <ClInclude Include="Source\DirectX\PipelineState.h">
      <Filter>DirectX</Filter>
    </ClInclude>
    <ClInclude Include="Source\DirectX\RootSignature.h">
      <Filter>DirectX</Filter>
    </ClInclude>
    <ClInclude Include="Source\Events\AppEvent.h">
      <Filter>Events</Filter>
    </ClInclude>
    <ClInclude Include="Source\Events\Event.h">
      <Filter>Events</Filter>
    </ClInclude>
    <ClInclude Include="Source\Events\EventCodes\KeyCodes.h">
      <Filter>Events\EventCodes</Filter>
    </ClInclude>
    <ClInclude Include="Source\Events\EventCodes\MouseCodes.h">
      <Filter>Events\EventCodes</Filter>
    </ClInclude>
    <ClInclude Include="Source\Events\KeyEvent.h">
      <Filter>Events</Filter>
    </ClInclude>
    <ClInclude Include="Source\Events\MouseEvent.h">
      <Filter>Events</Filter>
    </ClInclude>
    <ClInclude Include="Source\Layers\ImGui\ImGuiLayer.h">
      <Filter>Layers\ImGui</Filter>
    </ClInclude>
    <ClInclude Include="Source\Layers\Triangle\Triangle.h">
      <Filter>Layers\Triangle</Filter>
    </ClInclude>
    <ClInclude Include="Source\Renderer\Camera.h">
      <Filter>Renderer</Filter>
    </ClInclude>
    <ClInclude Include="Source\Renderer\Color.h">
      <Filter>Renderer</Filter>
    </ClInclude>
    <ClInclude Include="Source\Renderer\Renderer.h">
      <Filter>Renderer</Filter>
    </ClInclude>
    <ClInclude Include="Source\Renderer\Shader.h">
      <Filter>Renderer</Filter>
    </ClInclude>
    <ClInclude Include="Source\Renderer\Texture.h">
      <Filter>Renderer</Filter>
    </ClInclude>
    <ClInclude Include="Source\Renderer\TextureManager.h">
      <Filter>Renderer</Filter>
    </ClInclude>
    <ClInclude Include="Source\Scene\Components.h">
      <Filter>Scene</Filter>
    </ClInclude>
    <ClInclude Include="Source\Utilities\CommonMath.h">
      <Filter>Utilities</Filter>
    </ClInclude>
    <ClInclude Include="Source\Utilities\FileManager.h">
      <Filter>Utilities</Filter>
    </ClInclude>
    <ClInclude Include="Source\Utilities\Hash.h">
      <Filter>Utilities</Filter>
    </ClInclude>
    <ClInclude Include="Source\Utilities\Utility.h">
      <Filter>Utilities</Filter>
    </ClInclude>
  </ItemGroup>
  <ItemGroup>
    <ClCompile Include="Source\CommonHeaders.cpp" />
    <ClCompile Include="Source\Core\Application.cpp">
      <Filter>Core</Filter>
    </ClCompile>
    <ClCompile Include="Source\Core\Input.cpp">
      <Filter>Core</Filter>
    </ClCompile>
    <ClCompile Include="Source\Core\LayerStack.cpp">
      <Filter>Core</Filter>
    </ClCompile>
    <ClCompile Include="Source\Core\Log.cpp">
      <Filter>Core</Filter>
    </ClCompile>
    <ClCompile Include="Source\Core\Window.cpp">
      <Filter>Core</Filter>
    </ClCompile>
    <ClCompile Include="Source\DirectX\BufferHelper.cpp">
      <Filter>DirectX</Filter>
    </ClCompile>
    <ClCompile Include="Source\DirectX\CommandContext.cpp">
      <Filter>DirectX</Filter>
    </ClCompile>
    <ClCompile Include="Source\DirectX\CommandHelper.cpp">
      <Filter>DirectX</Filter>
    </ClCompile>
    <ClCompile Include="Source\DirectX\DescriptorHeap.cpp">
      <Filter>DirectX</Filter>
    </ClCompile>
    <ClCompile Include="Source\DirectX\DirectXImpl.cpp">
      <Filter>DirectX</Filter>
    </ClCompile>
    <ClCompile Include="Source\DirectX\GpuBuffer.cpp">
      <Filter>DirectX</Filter>
    </ClCompile>
    <ClCompile Include="Source\DirectX\LinearAllocator.cpp">
      <Filter>DirectX</Filter>
    </ClCompile>
    <ClCompile Include="Source\DirectX\PipelineState.cpp">
      <Filter>DirectX</Filter>
    </ClCompile>
    <ClCompile Include="Source\DirectX\RootSignature.cpp">
      <Filter>DirectX</Filter>
    </ClCompile>
    <ClCompile Include="Source\Layers\ImGui\ImGuiLayer.cpp">
      <Filter>Layers\ImGui</Filter>
    </ClCompile>
    <ClCompile Include="Source\Layers\Triangle\Triangle.cpp">
      <Filter>Layers\Triangle</Filter>
    </ClCompile>
    <ClCompile Include="Source\Renderer\Camera.cpp">
      <Filter>Renderer</Filter>
    </ClCompile>
    <ClCompile Include="Source\Renderer\Color.cpp">
      <Filter>Renderer</Filter>
    </ClCompile>
    <ClCompile Include="Source\Renderer\Renderer.cpp">
      <Filter>Renderer</Filter>
    </ClCompile>
    <ClCompile Include="Source\Renderer\Shader.cpp">
      <Filter>Renderer</Filter>
    </ClCompile>
    <ClCompile Include="Source\Renderer\Texture.cpp">
      <Filter>Renderer</Filter>
    </ClCompile>
    <ClCompile Include="Source\Renderer\TextureManager.cpp">
      <Filter>Renderer</Filter>
    </ClCompile>
  </ItemGroup>
</Project>